// !$*UTF8*$!
{
	archiveVersion = 1;
	classes = {
	};
	objectVersion = 46;
	objects = {

/* Begin PBXBuildFile section */
		C60CC09A1CEC3E4F00EFFD6B /* JavaScriptCore.framework in Frameworks */ = {isa = PBXBuildFile; fileRef = C60CC0991CEC3E4F00EFFD6B /* JavaScriptCore.framework */; };
		C60CC09E1CEC3EFC00EFFD6B /* JVSContext.m in Sources */ = {isa = PBXBuildFile; fileRef = C60CC09D1CEC3EFC00EFFD6B /* JVSContext.m */; };
		C60CC0D91CED8A2100EFFD6B /* JVSUIWebViewContext.m in Sources */ = {isa = PBXBuildFile; fileRef = C60CC0D81CED8A2100EFFD6B /* JVSUIWebViewContext.m */; };
		C60CC0DC1CED8E5800EFFD6B /* JVSJavaScriptCoreContext.m in Sources */ = {isa = PBXBuildFile; fileRef = C60CC0DB1CED8E5800EFFD6B /* JVSJavaScriptCoreContext.m */; };
		C60CC0DF1CED902D00EFFD6B /* JVSConvert.m in Sources */ = {isa = PBXBuildFile; fileRef = C60CC0DE1CED902D00EFFD6B /* JVSConvert.m */; };
		C60CC0E21CED905C00EFFD6B /* JVSBridge.m in Sources */ = {isa = PBXBuildFile; fileRef = C60CC0E11CED905C00EFFD6B /* JVSBridge.m */; };
		C60CC0E51CED907A00EFFD6B /* JVSClassConfig.m in Sources */ = {isa = PBXBuildFile; fileRef = C60CC0E41CED907A00EFFD6B /* JVSClassConfig.m */; };
		C60CC0EC1CED935A00EFFD6B /* JVSAlert.m in Sources */ = {isa = PBXBuildFile; fileRef = C60CC0EB1CED935A00EFFD6B /* JVSAlert.m */; };
		C6F147F61CEB751D00434A7A /* main.m in Sources */ = {isa = PBXBuildFile; fileRef = C6F147F51CEB751D00434A7A /* main.m */; };
		C6F147F91CEB751D00434A7A /* AppDelegate.m in Sources */ = {isa = PBXBuildFile; fileRef = C6F147F81CEB751D00434A7A /* AppDelegate.m */; };
		C6F147FC1CEB751D00434A7A /* ViewController.m in Sources */ = {isa = PBXBuildFile; fileRef = C6F147FB1CEB751D00434A7A /* ViewController.m */; };
		C6F148011CEB751D00434A7A /* Assets.xcassets in Resources */ = {isa = PBXBuildFile; fileRef = C6F148001CEB751D00434A7A /* Assets.xcassets */; };
/* End PBXBuildFile section */

/* Begin PBXFileReference section */
		C60CC0991CEC3E4F00EFFD6B /* JavaScriptCore.framework */ = {isa = PBXFileReference; lastKnownFileType = wrapper.framework; name = JavaScriptCore.framework; path = System/Library/Frameworks/JavaScriptCore.framework; sourceTree = SDKROOT; };
		C60CC09C1CEC3EFC00EFFD6B /* JVSContext.h */ = {isa = PBXFileReference; fileEncoding = 4; lastKnownFileType = sourcecode.c.h; path = JVSContext.h; sourceTree = "<group>"; };
		C60CC09D1CEC3EFC00EFFD6B /* JVSContext.m */ = {isa = PBXFileReference; fileEncoding = 4; lastKnownFileType = sourcecode.c.objc; path = JVSContext.m; sourceTree = "<group>"; };
		C60CC0D71CED8A2100EFFD6B /* JVSUIWebViewContext.h */ = {isa = PBXFileReference; fileEncoding = 4; lastKnownFileType = sourcecode.c.h; path = JVSUIWebViewContext.h; sourceTree = "<group>"; };
		C60CC0D81CED8A2100EFFD6B /* JVSUIWebViewContext.m */ = {isa = PBXFileReference; fileEncoding = 4; lastKnownFileType = sourcecode.c.objc; path = JVSUIWebViewContext.m; sourceTree = "<group>"; };
		C60CC0DA1CED8E5800EFFD6B /* JVSJavaScriptCoreContext.h */ = {isa = PBXFileReference; fileEncoding = 4; lastKnownFileType = sourcecode.c.h; path = JVSJavaScriptCoreContext.h; sourceTree = "<group>"; };
		C60CC0DB1CED8E5800EFFD6B /* JVSJavaScriptCoreContext.m */ = {isa = PBXFileReference; fileEncoding = 4; lastKnownFileType = sourcecode.c.objc; path = JVSJavaScriptCoreContext.m; sourceTree = "<group>"; };
		C60CC0DD1CED902D00EFFD6B /* JVSConvert.h */ = {isa = PBXFileReference; fileEncoding = 4; lastKnownFileType = sourcecode.c.h; path = JVSConvert.h; sourceTree = "<group>"; };
		C60CC0DE1CED902D00EFFD6B /* JVSConvert.m */ = {isa = PBXFileReference; fileEncoding = 4; lastKnownFileType = sourcecode.c.objc; path = JVSConvert.m; sourceTree = "<group>"; };
		C60CC0E01CED905C00EFFD6B /* JVSBridge.h */ = {isa = PBXFileReference; fileEncoding = 4; lastKnownFileType = sourcecode.c.h; path = JVSBridge.h; sourceTree = "<group>"; };
		C60CC0E11CED905C00EFFD6B /* JVSBridge.m */ = {isa = PBXFileReference; fileEncoding = 4; lastKnownFileType = sourcecode.c.objc; path = JVSBridge.m; sourceTree = "<group>"; };
		C60CC0E31CED907A00EFFD6B /* JVSClassConfig.h */ = {isa = PBXFileReference; fileEncoding = 4; lastKnownFileType = sourcecode.c.h; path = JVSClassConfig.h; sourceTree = "<group>"; };
		C60CC0E41CED907A00EFFD6B /* JVSClassConfig.m */ = {isa = PBXFileReference; fileEncoding = 4; lastKnownFileType = sourcecode.c.objc; path = JVSClassConfig.m; sourceTree = "<group>"; };
		C60CC0E61CED908900EFFD6B /* JVSExport.h */ = {isa = PBXFileReference; fileEncoding = 4; lastKnownFileType = sourcecode.c.h; path = JVSExport.h; sourceTree = "<group>"; };
		C60CC0EA1CED935A00EFFD6B /* JVSAlert.h */ = {isa = PBXFileReference; fileEncoding = 4; lastKnownFileType = sourcecode.c.h; path = JVSAlert.h; sourceTree = "<group>"; };
		C60CC0EB1CED935A00EFFD6B /* JVSAlert.m */ = {isa = PBXFileReference; fileEncoding = 4; lastKnownFileType = sourcecode.c.objc; path = JVSAlert.m; sourceTree = "<group>"; };
		C6F147F11CEB751D00434A7A /* JARVIS.app */ = {isa = PBXFileReference; explicitFileType = wrapper.application; includeInIndex = 0; path = JARVIS.app; sourceTree = BUILT_PRODUCTS_DIR; };
		C6F147F51CEB751D00434A7A /* main.m */ = {isa = PBXFileReference; lastKnownFileType = sourcecode.c.objc; path = main.m; sourceTree = "<group>"; };
		C6F147F71CEB751D00434A7A /* AppDelegate.h */ = {isa = PBXFileReference; lastKnownFileType = sourcecode.c.h; path = AppDelegate.h; sourceTree = "<group>"; };
		C6F147F81CEB751D00434A7A /* AppDelegate.m */ = {isa = PBXFileReference; lastKnownFileType = sourcecode.c.objc; path = AppDelegate.m; sourceTree = "<group>"; };
		C6F147FA1CEB751D00434A7A /* ViewController.h */ = {isa = PBXFileReference; lastKnownFileType = sourcecode.c.h; path = ViewController.h; sourceTree = "<group>"; };
		C6F147FB1CEB751D00434A7A /* ViewController.m */ = {isa = PBXFileReference; lastKnownFileType = sourcecode.c.objc; path = ViewController.m; sourceTree = "<group>"; };
		C6F148001CEB751D00434A7A /* Assets.xcassets */ = {isa = PBXFileReference; lastKnownFileType = folder.assetcatalog; path = Assets.xcassets; sourceTree = "<group>"; };
		C6F148051CEB751D00434A7A /* Info.plist */ = {isa = PBXFileReference; lastKnownFileType = text.plist.xml; path = Info.plist; sourceTree = "<group>"; };
/* End PBXFileReference section */

/* Begin PBXFrameworksBuildPhase section */
		C6F147EE1CEB751D00434A7A /* Frameworks */ = {
			isa = PBXFrameworksBuildPhase;
			buildActionMask = 2147483647;
			files = (
				C60CC09A1CEC3E4F00EFFD6B /* JavaScriptCore.framework in Frameworks */,
			);
			runOnlyForDeploymentPostprocessing = 0;
		};
/* End PBXFrameworksBuildPhase section */

/* Begin PBXGroup section */
		C60CC0981CEC3E3A00EFFD6B /* Libraries */ = {
			isa = PBXGroup;
			children = (
				C60CC0991CEC3E4F00EFFD6B /* JavaScriptCore.framework */,
			);
			name = Libraries;
			sourceTree = "<group>";
		};
		C60CC09B1CEC3EE600EFFD6B /* JVS */ = {
			isa = PBXGroup;
			children = (
				C60CC09C1CEC3EFC00EFFD6B /* JVSContext.h */,
				C60CC09D1CEC3EFC00EFFD6B /* JVSContext.m */,
				C60CC0D71CED8A2100EFFD6B /* JVSUIWebViewContext.h */,
				C60CC0D81CED8A2100EFFD6B /* JVSUIWebViewContext.m */,
				C60CC0DA1CED8E5800EFFD6B /* JVSJavaScriptCoreContext.h */,
				C60CC0DB1CED8E5800EFFD6B /* JVSJavaScriptCoreContext.m */,
				C60CC0DD1CED902D00EFFD6B /* JVSConvert.h */,
				C60CC0DE1CED902D00EFFD6B /* JVSConvert.m */,
				C60CC0E01CED905C00EFFD6B /* JVSBridge.h */,
				C60CC0E11CED905C00EFFD6B /* JVSBridge.m */,
				C60CC0E31CED907A00EFFD6B /* JVSClassConfig.h */,
				C60CC0E41CED907A00EFFD6B /* JVSClassConfig.m */,
				C60CC0E61CED908900EFFD6B /* JVSExport.h */,
			);
			path = JVS;
			sourceTree = "<group>";
		};
		C60CC0E91CED933D00EFFD6B /* Armour */ = {
			isa = PBXGroup;
			children = (
				C60CC0EA1CED935A00EFFD6B /* JVSAlert.h */,
				C60CC0EB1CED935A00EFFD6B /* JVSAlert.m */,
			);
			path = Armour;
			sourceTree = "<group>";
		};
		C6F147E81CEB751D00434A7A = {
			isa = PBXGroup;
			children = (
				C6F147F31CEB751D00434A7A /* JARVIS */,
				C6F147F21CEB751D00434A7A /* Products */,
			);
			sourceTree = "<group>";
		};
		C6F147F21CEB751D00434A7A /* Products */ = {
			isa = PBXGroup;
			children = (
				C6F147F11CEB751D00434A7A /* JARVIS.app */,
			);
			name = Products;
			sourceTree = "<group>";
		};
		C6F147F31CEB751D00434A7A /* JARVIS */ = {
			isa = PBXGroup;
			children = (
				C60CC09B1CEC3EE600EFFD6B /* JVS */,
				C60CC0E91CED933D00EFFD6B /* Armour */,
				C6F147F71CEB751D00434A7A /* AppDelegate.h */,
				C6F147F81CEB751D00434A7A /* AppDelegate.m */,
				C6F147FA1CEB751D00434A7A /* ViewController.h */,
				C6F147FB1CEB751D00434A7A /* ViewController.m */,
				C6F148001CEB751D00434A7A /* Assets.xcassets */,
				C60CC0981CEC3E3A00EFFD6B /* Libraries */,
				C6F147F41CEB751D00434A7A /* Supporting Files */,
			);
			path = JARVIS;
			sourceTree = "<group>";
		};
		C6F147F41CEB751D00434A7A /* Supporting Files */ = {
			isa = PBXGroup;
			children = (
				C6F148051CEB751D00434A7A /* Info.plist */,
				C6F147F51CEB751D00434A7A /* main.m */,
			);
			name = "Supporting Files";
			sourceTree = "<group>";
		};
/* End PBXGroup section */

/* Begin PBXNativeTarget section */
		C6F147F01CEB751D00434A7A /* JARVIS */ = {
			isa = PBXNativeTarget;
			buildConfigurationList = C6F148081CEB751D00434A7A /* Build configuration list for PBXNativeTarget "JARVIS" */;
			buildPhases = (
				C6F147ED1CEB751D00434A7A /* Sources */,
				C6F147EE1CEB751D00434A7A /* Frameworks */,
				C6F147EF1CEB751D00434A7A /* Resources */,
			);
			buildRules = (
			);
			dependencies = (
			);
			name = JARVIS;
			productName = JARVIS;
			productReference = C6F147F11CEB751D00434A7A /* JARVIS.app */;
			productType = "com.apple.product-type.application";
		};
/* End PBXNativeTarget section */

/* Begin PBXProject section */
		C6F147E91CEB751D00434A7A /* Project object */ = {
			isa = PBXProject;
			attributes = {
				LastUpgradeCheck = 0730;
				ORGANIZATIONNAME = RainbowColors;
				TargetAttributes = {
					C6F147F01CEB751D00434A7A = {
						CreatedOnToolsVersion = 7.3.1;
					};
				};
			};
			buildConfigurationList = C6F147EC1CEB751D00434A7A /* Build configuration list for PBXProject "JARVIS" */;
			compatibilityVersion = "Xcode 3.2";
			developmentRegion = English;
			hasScannedForEncodings = 0;
			knownRegions = (
				en,
				Base,
			);
			mainGroup = C6F147E81CEB751D00434A7A;
			productRefGroup = C6F147F21CEB751D00434A7A /* Products */;
			projectDirPath = "";
			projectRoot = "";
			targets = (
				C6F147F01CEB751D00434A7A /* JARVIS */,
			);
		};
/* End PBXProject section */

/* Begin PBXResourcesBuildPhase section */
		C6F147EF1CEB751D00434A7A /* Resources */ = {
			isa = PBXResourcesBuildPhase;
			buildActionMask = 2147483647;
			files = (
				C6F148011CEB751D00434A7A /* Assets.xcassets in Resources */,
			);
			runOnlyForDeploymentPostprocessing = 0;
		};
/* End PBXResourcesBuildPhase section */

/* Begin PBXSourcesBuildPhase section */
		C6F147ED1CEB751D00434A7A /* Sources */ = {
			isa = PBXSourcesBuildPhase;
			buildActionMask = 2147483647;
			files = (
				C6F147FC1CEB751D00434A7A /* ViewController.m in Sources */,
				C6F147F91CEB751D00434A7A /* AppDelegate.m in Sources */,
				C60CC0EC1CED935A00EFFD6B /* JVSAlert.m in Sources */,
				C60CC0DF1CED902D00EFFD6B /* JVSConvert.m in Sources */,
				C60CC0D91CED8A2100EFFD6B /* JVSUIWebViewContext.m in Sources */,
				C6F147F61CEB751D00434A7A /* main.m in Sources */,
				C60CC09E1CEC3EFC00EFFD6B /* JVSContext.m in Sources */,
				C60CC0E21CED905C00EFFD6B /* JVSBridge.m in Sources */,
				C60CC0DC1CED8E5800EFFD6B /* JVSJavaScriptCoreContext.m in Sources */,
				C60CC0E51CED907A00EFFD6B /* JVSClassConfig.m in Sources */,
			);
			runOnlyForDeploymentPostprocessing = 0;
		};
/* End PBXSourcesBuildPhase section */

/* Begin XCBuildConfiguration section */
		C6F148061CEB751D00434A7A /* Debug */ = {
			isa = XCBuildConfiguration;
			buildSettings = {
				ALWAYS_SEARCH_USER_PATHS = NO;
				CLANG_ANALYZER_NONNULL = YES;
				CLANG_CXX_LANGUAGE_STANDARD = "gnu++0x";
				CLANG_CXX_LIBRARY = "libc++";
				CLANG_ENABLE_MODULES = YES;
				CLANG_ENABLE_OBJC_ARC = YES;
				CLANG_WARN_BOOL_CONVERSION = YES;
				CLANG_WARN_CONSTANT_CONVERSION = YES;
				CLANG_WARN_DIRECT_OBJC_ISA_USAGE = YES_ERROR;
				CLANG_WARN_EMPTY_BODY = YES;
				CLANG_WARN_ENUM_CONVERSION = YES;
				CLANG_WARN_INT_CONVERSION = YES;
				CLANG_WARN_OBJC_ROOT_CLASS = YES_ERROR;
				CLANG_WARN_UNREACHABLE_CODE = YES;
				CLANG_WARN__DUPLICATE_METHOD_MATCH = YES;
				"CODE_SIGN_IDENTITY[sdk=iphoneos*]" = "iPhone Developer";
				COPY_PHASE_STRIP = NO;
				DEBUG_INFORMATION_FORMAT = dwarf;
				ENABLE_STRICT_OBJC_MSGSEND = YES;
				ENABLE_TESTABILITY = YES;
				GCC_C_LANGUAGE_STANDARD = gnu99;
				GCC_DYNAMIC_NO_PIC = NO;
				GCC_NO_COMMON_BLOCKS = YES;
				GCC_OPTIMIZATION_LEVEL = 0;
				GCC_PREPROCESSOR_DEFINITIONS = (
					"DEBUG=1",
					"$(inherited)",
				);
				GCC_WARN_64_TO_32_BIT_CONVERSION = YES;
				GCC_WARN_ABOUT_RETURN_TYPE = YES_ERROR;
				GCC_WARN_UNDECLARED_SELECTOR = YES;
				GCC_WARN_UNINITIALIZED_AUTOS = YES_AGGRESSIVE;
				GCC_WARN_UNUSED_FUNCTION = YES;
				GCC_WARN_UNUSED_VARIABLE = YES;
				IPHONEOS_DEPLOYMENT_TARGET = 9.3;
				MTL_ENABLE_DEBUG_INFO = YES;
				ONLY_ACTIVE_ARCH = YES;
				SDKROOT = iphoneos;
			};
			name = Debug;
		};
		C6F148071CEB751D00434A7A /* Release */ = {
			isa = XCBuildConfiguration;
			buildSettings = {
				ALWAYS_SEARCH_USER_PATHS = NO;
				CLANG_ANALYZER_NONNULL = YES;
				CLANG_CXX_LANGUAGE_STANDARD = "gnu++0x";
				CLANG_CXX_LIBRARY = "libc++";
				CLANG_ENABLE_MODULES = YES;
				CLANG_ENABLE_OBJC_ARC = YES;
				CLANG_WARN_BOOL_CONVERSION = YES;
				CLANG_WARN_CONSTANT_CONVERSION = YES;
				CLANG_WARN_DIRECT_OBJC_ISA_USAGE = YES_ERROR;
				CLANG_WARN_EMPTY_BODY = YES;
				CLANG_WARN_ENUM_CONVERSION = YES;
				CLANG_WARN_INT_CONVERSION = YES;
				CLANG_WARN_OBJC_ROOT_CLASS = YES_ERROR;
				CLANG_WARN_UNREACHABLE_CODE = YES;
				CLANG_WARN__DUPLICATE_METHOD_MATCH = YES;
				"CODE_SIGN_IDENTITY[sdk=iphoneos*]" = "iPhone Developer";
				COPY_PHASE_STRIP = NO;
				DEBUG_INFORMATION_FORMAT = "dwarf-with-dsym";
				ENABLE_NS_ASSERTIONS = NO;
				ENABLE_STRICT_OBJC_MSGSEND = YES;
				GCC_C_LANGUAGE_STANDARD = gnu99;
				GCC_NO_COMMON_BLOCKS = YES;
				GCC_WARN_64_TO_32_BIT_CONVERSION = YES;
				GCC_WARN_ABOUT_RETURN_TYPE = YES_ERROR;
				GCC_WARN_UNDECLARED_SELECTOR = YES;
				GCC_WARN_UNINITIALIZED_AUTOS = YES_AGGRESSIVE;
				GCC_WARN_UNUSED_FUNCTION = YES;
				GCC_WARN_UNUSED_VARIABLE = YES;
				IPHONEOS_DEPLOYMENT_TARGET = 9.3;
				MTL_ENABLE_DEBUG_INFO = NO;
				SDKROOT = iphoneos;
				VALIDATE_PRODUCT = YES;
			};
			name = Release;
		};
		C6F148091CEB751D00434A7A /* Debug */ = {
			isa = XCBuildConfiguration;
			buildSettings = {
				ASSETCATALOG_COMPILER_APPICON_NAME = AppIcon;
				INFOPLIST_FILE = JARVIS/Info.plist;
				LD_RUNPATH_SEARCH_PATHS = "$(inherited) @executable_path/Frameworks";
				PRODUCT_BUNDLE_IDENTIFIER = com.devsnow.JARVIS;
				PRODUCT_NAME = "$(TARGET_NAME)";
			};
			name = Debug;
		};
		C6F1480A1CEB751D00434A7A /* Release */ = {
			isa = XCBuildConfiguration;
			buildSettings = {
				ASSETCATALOG_COMPILER_APPICON_NAME = AppIcon;
				INFOPLIST_FILE = JARVIS/Info.plist;
				LD_RUNPATH_SEARCH_PATHS = "$(inherited) @executable_path/Frameworks";
				PRODUCT_BUNDLE_IDENTIFIER = com.devsnow.JARVIS;
				PRODUCT_NAME = "$(TARGET_NAME)";
			};
			name = Release;
		};
/* End XCBuildConfiguration section */

/* Begin XCConfigurationList section */
		C6F147EC1CEB751D00434A7A /* Build configuration list for PBXProject "JARVIS" */ = {
			isa = XCConfigurationList;
			buildConfigurations = (
				C6F148061CEB751D00434A7A /* Debug */,
				C6F148071CEB751D00434A7A /* Release */,
			);
			defaultConfigurationIsVisible = 0;
			defaultConfigurationName = Release;
		};
		C6F148081CEB751D00434A7A /* Build configuration list for PBXNativeTarget "JARVIS" */ = {
			isa = XCConfigurationList;
			buildConfigurations = (
				C6F148091CEB751D00434A7A /* Debug */,
				C6F1480A1CEB751D00434A7A /* Release */,
			);
			defaultConfigurationIsVisible = 0;
			defaultConfigurationName = Release;
		};
/* End XCConfigurationList section */
	};
	rootObject = C6F147E91CEB751D00434A7A /* Project object */;
}
